
Microsoft Visual Studio Solution File, Format Version 12.00
# Visual Studio Version 16
VisualStudioVersion = 16.0.30225.117
MinimumVisualStudioVersion = 10.0.40219.1
Project("{FAE04EC0-301F-11D3-BF4B-00C04F79EFBC}") = "Sab.Api.ProductListing", "Sab.Api.ProductListing\Sab.Api.ProductListing.csproj", "{F5A51EF8-1493-478D-A5B0-DD63A84ADA54}"
EndProject
Project("{2150E333-8FDC-42A3-9474-1A3956D46DE8}") = "Sab.Core", "Sab.Core", "{E51BA56D-8775-41A5-A08F-C82FACB52AC0}"
EndProject
Project("{FAE04EC0-301F-11D3-BF4B-00C04F79EFBC}") = "Sab.Infrastructure", "Sab.Infrastructure\Sab.Infrastructure.csproj", "{981E1DAF-1B73-4C92-9BDB-8F81ADBA0B8C}"
EndProject
Project("{FAE04EC0-301F-11D3-BF4B-00C04F79EFBC}") = "Sab.Features", "Sab.Features\Sab.Features.csproj", "{BB9B98C3-6825-4E6E-8236-E55C1CF88508}"
EndProject
Global
	GlobalSection(SolutionConfigurationPlatforms) = preSolution
		Debug|Any CPU = Debug|Any CPU
		Release|Any CPU = Release|Any CPU
	EndGlobalSection
	GlobalSection(ProjectConfigurationPlatforms) = postSolution
		{F5A51EF8-1493-478D-A5B0-DD63A84ADA54}.Debug|Any CPU.ActiveCfg = Debug|Any CPU
		{F5A51EF8-1493-478D-A5B0-DD63A84ADA54}.Debug|Any CPU.Build.0 = Debug|Any CPU
		{F5A51EF8-1493-478D-A5B0-DD63A84ADA54}.Release|Any CPU.ActiveCfg = Release|Any CPU
		{F5A51EF8-1493-478D-A5B0-DD63A84ADA54}.Release|Any CPU.Build.0 = Release|Any CPU
		{981E1DAF-1B73-4C92-9BDB-8F81ADBA0B8C}.Debug|Any CPU.ActiveCfg = Debug|Any CPU
		{981E1DAF-1B73-4C92-9BDB-8F81ADBA0B8C}.Debug|Any CPU.Build.0 = Debug|Any CPU
		{981E1DAF-1B73-4C92-9BDB-8F81ADBA0B8C}.Release|Any CPU.ActiveCfg = Release|Any CPU
		{981E1DAF-1B73-4C92-9BDB-8F81ADBA0B8C}.Release|Any CPU.Build.0 = Release|Any CPU
		{BB9B98C3-6825-4E6E-8236-E55C1CF88508}.Debug|Any CPU.ActiveCfg = Debug|Any CPU
		{BB9B98C3-6825-4E6E-8236-E55C1CF88508}.Debug|Any CPU.Build.0 = Debug|Any CPU
		{BB9B98C3-6825-4E6E-8236-E55C1CF88508}.Release|Any CPU.ActiveCfg = Release|Any CPU
		{BB9B98C3-6825-4E6E-8236-E55C1CF88508}.Release|Any CPU.Build.0 = Release|Any CPU
	EndGlobalSection
	GlobalSection(SolutionProperties) = preSolution
		HideSolutionNode = FALSE
	EndGlobalSection
	GlobalSection(NestedProjects) = preSolution
		{981E1DAF-1B73-4C92-9BDB-8F81ADBA0B8C} = {E51BA56D-8775-41A5-A08F-C82FACB52AC0}
		{BB9B98C3-6825-4E6E-8236-E55C1CF88508} = {E51BA56D-8775-41A5-A08F-C82FACB52AC0}
	EndGlobalSection
	GlobalSection(ExtensibilityGlobals) = postSolution
		SolutionGuid = {727A52CF-C202-4AA3-8DED-F8C1F03A31CB}
	EndGlobalSection
EndGlobal
